
Microsoft Visual Studio Solution File, Format Version 12.00
# Visual Studio Version 16
VisualStudioVersion = 16.0.30611.23
MinimumVisualStudioVersion = 10.0.40219.1
Project("{F184B08F-C81C-45F6-A57F-5ABD9991F28F}") = "First and last name", "First and last name.vbproj", "{58224843-CE8E-44EE-98B2-B95130AD4E31}"
EndProject
Global
	GlobalSection(SolutionConfigurationPlatforms) = preSolution
		Debug|Any CPU = Debug|Any CPU
		Release|Any CPU = Release|Any CPU
	EndGlobalSection
	GlobalSection(ProjectConfigurationPlatforms) = postSolution
		{58224843-CE8E-44EE-98B2-B95130AD4E31}.Debug|Any CPU.ActiveCfg = Debug|Any CPU
		{58224843-CE8E-44EE-98B2-B95130AD4E31}.Debug|Any CPU.Build.0 = Debug|Any CPU
		{58224843-CE8E-44EE-98B2-B95130AD4E31}.Release|Any CPU.ActiveCfg = Release|Any CPU
		{58224843-CE8E-44EE-98B2-B95130AD4E31}.Release|Any CPU.Build.0 = Release|Any CPU
	EndGlobalSection
	GlobalSection(SolutionProperties) = preSolution
		HideSolutionNode = FALSE
	EndGlobalSection
	GlobalSection(ExtensibilityGlobals) = postSolution
		SolutionGuid = {D2EA67B0-3AA6-44A5-8A6B-ED8A290293BE}
	EndGlobalSection
EndGlobal
